
Microsoft Visual Studio Solution File, Format Version 12.00
# Visual Studio Version 17
VisualStudioVersion = 17.12.35521.163
MinimumVisualStudioVersion = 10.0.40219.1
Project("{FAE04EC0-301F-11D3-BF4B-00C04F79EFBC}") = "Server", "Server.csproj", "{AD8D120E-69B2-45CF-9226-83E05145E06D}"
EndProject
Project("{FAE04EC0-301F-11D3-BF4B-00C04F79EFBC}") = "Client", "..\Client\Client.csproj", "{0580538B-1DB7-4148-B0C0-0AD60C3BE5F1}"
EndProject
Project("{FAE04EC0-301F-11D3-BF4B-00C04F79EFBC}") = "Klasee", "..\Klasee\Klasee.csproj", "{0A9A9224-18C4-4DD5-A024-E26719405FB3}"
EndProject
Global
	GlobalSection(SolutionConfigurationPlatforms) = preSolution
		Debug|Any CPU = Debug|Any CPU
		Release|Any CPU = Release|Any CPU
	EndGlobalSection
	GlobalSection(ProjectConfigurationPlatforms) = postSolution
		{AD8D120E-69B2-45CF-9226-83E05145E06D}.Debug|Any CPU.ActiveCfg = Debug|Any CPU
		{AD8D120E-69B2-45CF-9226-83E05145E06D}.Debug|Any CPU.Build.0 = Debug|Any CPU
		{AD8D120E-69B2-45CF-9226-83E05145E06D}.Release|Any CPU.ActiveCfg = Release|Any CPU
		{AD8D120E-69B2-45CF-9226-83E05145E06D}.Release|Any CPU.Build.0 = Release|Any CPU
		{0580538B-1DB7-4148-B0C0-0AD60C3BE5F1}.Debug|Any CPU.ActiveCfg = Debug|Any CPU
		{0580538B-1DB7-4148-B0C0-0AD60C3BE5F1}.Debug|Any CPU.Build.0 = Debug|Any CPU
		{0580538B-1DB7-4148-B0C0-0AD60C3BE5F1}.Release|Any CPU.ActiveCfg = Release|Any CPU
		{0580538B-1DB7-4148-B0C0-0AD60C3BE5F1}.Release|Any CPU.Build.0 = Release|Any CPU
		{0A9A9224-18C4-4DD5-A024-E26719405FB3}.Debug|Any CPU.ActiveCfg = Debug|Any CPU
		{0A9A9224-18C4-4DD5-A024-E26719405FB3}.Debug|Any CPU.Build.0 = Debug|Any CPU
		{0A9A9224-18C4-4DD5-A024-E26719405FB3}.Release|Any CPU.ActiveCfg = Release|Any CPU
		{0A9A9224-18C4-4DD5-A024-E26719405FB3}.Release|Any CPU.Build.0 = Release|Any CPU
	EndGlobalSection
	GlobalSection(SolutionProperties) = preSolution
		HideSolutionNode = FALSE
	EndGlobalSection
EndGlobal
